
Microsoft Visual Studio Solution File, Format Version 12.00
# Visual Studio Version 17
VisualStudioVersion = 17.14.36109.1 d17.14
MinimumVisualStudioVersion = 10.0.40219.1
Project("{FAE04EC0-301F-11D3-BF4B-00C04F79EFBC}") = "example1(4)", "example1(4)\example1(4).csproj", "{1E850368-541B-4A18-BA8F-5681E4E61CEB}"
EndProject
Global
	GlobalSection(SolutionConfigurationPlatforms) = preSolution
		Debug|Any CPU = Debug|Any CPU
		Release|Any CPU = Release|Any CPU
	EndGlobalSection
	GlobalSection(ProjectConfigurationPlatforms) = postSolution
		{1E850368-541B-4A18-BA8F-5681E4E61CEB}.Debug|Any CPU.ActiveCfg = Debug|Any CPU
		{1E850368-541B-4A18-BA8F-5681E4E61CEB}.Debug|Any CPU.Build.0 = Debug|Any CPU
		{1E850368-541B-4A18-BA8F-5681E4E61CEB}.Release|Any CPU.ActiveCfg = Release|Any CPU
		{1E850368-541B-4A18-BA8F-5681E4E61CEB}.Release|Any CPU.Build.0 = Release|Any CPU
	EndGlobalSection
	GlobalSection(SolutionProperties) = preSolution
		HideSolutionNode = FALSE
	EndGlobalSection
	GlobalSection(ExtensibilityGlobals) = postSolution
		SolutionGuid = {431B45BF-0D5B-4CE5-A1E0-7F81AF031797}
	EndGlobalSection
EndGlobal
